
Microsoft Visual Studio Solution File, Format Version 12.00
# Visual Studio Version 17
VisualStudioVersion = 17.5.33530.505
MinimumVisualStudioVersion = 10.0.40219.1
Project("{9A19103F-16F7-4668-BE54-9A1E7A4F7556}") = "Barrometro.Web", "Barrometro.Web.csproj", "{7A835E94-EC0F-47CF-8F08-1868A6C5FE7B}"
EndProject
Project("{FAE04EC0-301F-11D3-BF4B-00C04F79EFBC}") = "Barrometro.Persistencia", "..\ConsultaDados\Barrometro.Persistencia.csproj", "{504736CD-3AE4-49F0-8FAD-CFB174D8615E}"
EndProject
Project("{FAE04EC0-301F-11D3-BF4B-00C04F79EFBC}") = "Barrometro.Dominio", "..\Barrometro.Dominio\Barrometro.Dominio.csproj", "{6BF26705-2AB8-4DF4-B9B5-F5F304A48427}"
EndProject
Global
	GlobalSection(SolutionConfigurationPlatforms) = preSolution
		Debug|Any CPU = Debug|Any CPU
		Release|Any CPU = Release|Any CPU
	EndGlobalSection
	GlobalSection(ProjectConfigurationPlatforms) = postSolution
		{7A835E94-EC0F-47CF-8F08-1868A6C5FE7B}.Debug|Any CPU.ActiveCfg = Debug|Any CPU
		{7A835E94-EC0F-47CF-8F08-1868A6C5FE7B}.Debug|Any CPU.Build.0 = Debug|Any CPU
		{7A835E94-EC0F-47CF-8F08-1868A6C5FE7B}.Release|Any CPU.ActiveCfg = Release|Any CPU
		{7A835E94-EC0F-47CF-8F08-1868A6C5FE7B}.Release|Any CPU.Build.0 = Release|Any CPU
		{504736CD-3AE4-49F0-8FAD-CFB174D8615E}.Debug|Any CPU.ActiveCfg = Debug|Any CPU
		{504736CD-3AE4-49F0-8FAD-CFB174D8615E}.Debug|Any CPU.Build.0 = Debug|Any CPU
		{504736CD-3AE4-49F0-8FAD-CFB174D8615E}.Release|Any CPU.ActiveCfg = Release|Any CPU
		{504736CD-3AE4-49F0-8FAD-CFB174D8615E}.Release|Any CPU.Build.0 = Release|Any CPU
		{6BF26705-2AB8-4DF4-B9B5-F5F304A48427}.Debug|Any CPU.ActiveCfg = Debug|Any CPU
		{6BF26705-2AB8-4DF4-B9B5-F5F304A48427}.Debug|Any CPU.Build.0 = Debug|Any CPU
		{6BF26705-2AB8-4DF4-B9B5-F5F304A48427}.Release|Any CPU.ActiveCfg = Release|Any CPU
		{6BF26705-2AB8-4DF4-B9B5-F5F304A48427}.Release|Any CPU.Build.0 = Release|Any CPU
	EndGlobalSection
	GlobalSection(SolutionProperties) = preSolution
		HideSolutionNode = FALSE
	EndGlobalSection
	GlobalSection(ExtensibilityGlobals) = postSolution
		SolutionGuid = {FDB7942B-D3A4-41D2-97BC-EEA6E42C854B}
	EndGlobalSection
EndGlobal
